
Microsoft Visual Studio Solution File, Format Version 12.00
# Visual Studio Version 16
VisualStudioVersion = 16.0.29709.97
MinimumVisualStudioVersion = 10.0.40219.1
Project("{00D1A9C2-B5F0-4AF3-8072-F6C62B433612}") = "LorryLog", "LorryLog\LorryLog.sqlproj", "{7FDAEFF8-FB2D-4AEA-B407-DE11C9D1B666}"
EndProject
Project("{9A19103F-16F7-4668-BE54-9A1E7A4F7556}") = "LorryModels", "LorryModels\LorryModels.csproj", "{BDBC659F-2ED1-4489-A56D-C6209444BE78}"
EndProject
Project("{9A19103F-16F7-4668-BE54-9A1E7A4F7556}") = "LorryTests", "LorryTests\LorryTests.csproj", "{18C6FF4F-32EB-4745-AE6F-270DDA6BDED2}"
EndProject
Project("{9A19103F-16F7-4668-BE54-9A1E7A4F7556}") = "LorryLogAPI", "LorryLogAPI\LorryLogAPI.csproj", "{866631E8-3824-424B-9A09-6521724814F2}"
EndProject
Project("{2150E333-8FDC-42A3-9474-1A3956D46DE8}") = "Solution Items", "Solution Items", "{B820AD94-F511-49C3-A6C6-385856D905D8}"
	ProjectSection(SolutionItems) = preProject
		azure-pipelines-lorrylogadmin.yml = azure-pipelines-lorrylogadmin.yml
		azure-pipelines-lorrylogapi.yml = azure-pipelines-lorrylogapi.yml
	EndProjectSection
EndProject
Project("{9A19103F-16F7-4668-BE54-9A1E7A4F7556}") = "LorryLogAdmin", "LorryLogAdmin\LorryLogAdmin.csproj", "{CCC8776A-C7B7-4366-B63C-D4E5E54664FE}"
EndProject
Global
	GlobalSection(SolutionConfigurationPlatforms) = preSolution
		Debug|Any CPU = Debug|Any CPU
		Release|Any CPU = Release|Any CPU
	EndGlobalSection
	GlobalSection(ProjectConfigurationPlatforms) = postSolution
		{7FDAEFF8-FB2D-4AEA-B407-DE11C9D1B666}.Debug|Any CPU.ActiveCfg = Debug|Any CPU
		{7FDAEFF8-FB2D-4AEA-B407-DE11C9D1B666}.Debug|Any CPU.Build.0 = Debug|Any CPU
		{7FDAEFF8-FB2D-4AEA-B407-DE11C9D1B666}.Debug|Any CPU.Deploy.0 = Debug|Any CPU
		{7FDAEFF8-FB2D-4AEA-B407-DE11C9D1B666}.Release|Any CPU.ActiveCfg = Release|Any CPU
		{7FDAEFF8-FB2D-4AEA-B407-DE11C9D1B666}.Release|Any CPU.Build.0 = Release|Any CPU
		{7FDAEFF8-FB2D-4AEA-B407-DE11C9D1B666}.Release|Any CPU.Deploy.0 = Release|Any CPU
		{BDBC659F-2ED1-4489-A56D-C6209444BE78}.Debug|Any CPU.ActiveCfg = Debug|Any CPU
		{BDBC659F-2ED1-4489-A56D-C6209444BE78}.Debug|Any CPU.Build.0 = Debug|Any CPU
		{BDBC659F-2ED1-4489-A56D-C6209444BE78}.Release|Any CPU.ActiveCfg = Release|Any CPU
		{BDBC659F-2ED1-4489-A56D-C6209444BE78}.Release|Any CPU.Build.0 = Release|Any CPU
		{18C6FF4F-32EB-4745-AE6F-270DDA6BDED2}.Debug|Any CPU.ActiveCfg = Debug|Any CPU
		{18C6FF4F-32EB-4745-AE6F-270DDA6BDED2}.Debug|Any CPU.Build.0 = Debug|Any CPU
		{18C6FF4F-32EB-4745-AE6F-270DDA6BDED2}.Release|Any CPU.ActiveCfg = Release|Any CPU
		{18C6FF4F-32EB-4745-AE6F-270DDA6BDED2}.Release|Any CPU.Build.0 = Release|Any CPU
		{866631E8-3824-424B-9A09-6521724814F2}.Debug|Any CPU.ActiveCfg = Debug|Any CPU
		{866631E8-3824-424B-9A09-6521724814F2}.Debug|Any CPU.Build.0 = Debug|Any CPU
		{866631E8-3824-424B-9A09-6521724814F2}.Release|Any CPU.ActiveCfg = Release|Any CPU
		{866631E8-3824-424B-9A09-6521724814F2}.Release|Any CPU.Build.0 = Release|Any CPU
		{CCC8776A-C7B7-4366-B63C-D4E5E54664FE}.Debug|Any CPU.ActiveCfg = Debug|Any CPU
		{CCC8776A-C7B7-4366-B63C-D4E5E54664FE}.Debug|Any CPU.Build.0 = Debug|Any CPU
		{CCC8776A-C7B7-4366-B63C-D4E5E54664FE}.Release|Any CPU.ActiveCfg = Release|Any CPU
		{CCC8776A-C7B7-4366-B63C-D4E5E54664FE}.Release|Any CPU.Build.0 = Release|Any CPU
	EndGlobalSection
	GlobalSection(SolutionProperties) = preSolution
		HideSolutionNode = FALSE
	EndGlobalSection
	GlobalSection(ExtensibilityGlobals) = postSolution
		SolutionGuid = {FE923B30-B426-4C82-8CC4-F6FEDB26E6ED}
	EndGlobalSection
EndGlobal
